// !$*UTF8*$!
{
	archiveVersion = 1;
	classes = {
	};
	objectVersion = 56;
	objects = {

/* Begin PBXBuildFile section */
		3F7B33072BE867F400C22724 /* TaskView.swift in Sources */ = {isa = PBXBuildFile; fileRef = 3F7B33062BE867F400C22724 /* TaskView.swift */; };
		3F7B33092BE889AD00C22724 /* RightArea.swift in Sources */ = {isa = PBXBuildFile; fileRef = 3F7B33082BE889AD00C22724 /* RightArea.swift */; };
		3F7B330D2BE8A21E00C22724 /* HomePageView.swift in Sources */ = {isa = PBXBuildFile; fileRef = 3F7B330C2BE8A21E00C22724 /* HomePageView.swift */; };
		3FAAE3C42BDF361700540B68 /* RealityKitContent in Frameworks */ = {isa = PBXBuildFile; productRef = 3FAAE3C32BDF361700540B68 /* RealityKitContent */; };
		3FAAE3C62BDF361700540B68 /* VisionDashBoardApp.swift in Sources */ = {isa = PBXBuildFile; fileRef = 3FAAE3C52BDF361700540B68 /* VisionDashBoardApp.swift */; };
		3FAAE3C82BDF361700540B68 /* ContentView.swift in Sources */ = {isa = PBXBuildFile; fileRef = 3FAAE3C72BDF361700540B68 /* ContentView.swift */; };
		3FAAE3CA2BDF361800540B68 /* Assets.xcassets in Resources */ = {isa = PBXBuildFile; fileRef = 3FAAE3C92BDF361800540B68 /* Assets.xcassets */; };
		3FAAE3CD2BDF361800540B68 /* Preview Assets.xcassets in Resources */ = {isa = PBXBuildFile; fileRef = 3FAAE3CC2BDF361800540B68 /* Preview Assets.xcassets */; };
		3FAAE3D82BDF361800540B68 /* VisionDashBoardTests.swift in Sources */ = {isa = PBXBuildFile; fileRef = 3FAAE3D72BDF361800540B68 /* VisionDashBoardTests.swift */; };
		3FAAE3E22BDF366E00540B68 /* ProgressBarView.swift in Sources */ = {isa = PBXBuildFile; fileRef = 3FAAE3E12BDF366E00540B68 /* ProgressBarView.swift */; };
		3FAAE3E42BDF369E00540B68 /* ProgressCardView.swift in Sources */ = {isa = PBXBuildFile; fileRef = 3FAAE3E32BDF369E00540B68 /* ProgressCardView.swift */; };
		3FAAE3E62BDF36E000540B68 /* NotificationsWidgetView.swift in Sources */ = {isa = PBXBuildFile; fileRef = 3FAAE3E52BDF36E000540B68 /* NotificationsWidgetView.swift */; };
		3FAAE3EC2BDF466800540B68 /* LeftArea.swift in Sources */ = {isa = PBXBuildFile; fileRef = 3FAAE3EB2BDF466800540B68 /* LeftArea.swift */; };
		3FAAE3F02BDFA1A600540B68 /* TabViewModel.swift in Sources */ = {isa = PBXBuildFile; fileRef = 3FAAE3EF2BDFA1A600540B68 /* TabViewModel.swift */; };
		3FAAE3F22BDFA41E00540B68 /* HomeView.swift in Sources */ = {isa = PBXBuildFile; fileRef = 3FAAE3F12BDFA41E00540B68 /* HomeView.swift */; };
/* End PBXBuildFile section */

/* Begin PBXContainerItemProxy section */
		3FAAE3D42BDF361800540B68 /* PBXContainerItemProxy */ = {
			isa = PBXContainerItemProxy;
			containerPortal = 3FAAE3B62BDF361600540B68 /* Project object */;
			proxyType = 1;
			remoteGlobalIDString = 3FAAE3BD2BDF361700540B68;
			remoteInfo = VisionDashBoard;
		};
/* End PBXContainerItemProxy section */

/* Begin PBXFileReference section */
		3F7B33062BE867F400C22724 /* TaskView.swift */ = {isa = PBXFileReference; lastKnownFileType = sourcecode.swift; path = TaskView.swift; sourceTree = "<group>"; };
		3F7B33082BE889AD00C22724 /* RightArea.swift */ = {isa = PBXFileReference; lastKnownFileType = sourcecode.swift; path = RightArea.swift; sourceTree = "<group>"; };
		3F7B330C2BE8A21E00C22724 /* HomePageView.swift */ = {isa = PBXFileReference; lastKnownFileType = sourcecode.swift; path = HomePageView.swift; sourceTree = "<group>"; };
		3FAAE3BE2BDF361700540B68 /* VisionDashBoard.app */ = {isa = PBXFileReference; explicitFileType = wrapper.application; includeInIndex = 0; path = VisionDashBoard.app; sourceTree = BUILT_PRODUCTS_DIR; };
		3FAAE3C22BDF361700540B68 /* RealityKitContent */ = {isa = PBXFileReference; lastKnownFileType = wrapper; path = RealityKitContent; sourceTree = "<group>"; };
		3FAAE3C52BDF361700540B68 /* VisionDashBoardApp.swift */ = {isa = PBXFileReference; lastKnownFileType = sourcecode.swift; path = VisionDashBoardApp.swift; sourceTree = "<group>"; };
		3FAAE3C72BDF361700540B68 /* ContentView.swift */ = {isa = PBXFileReference; lastKnownFileType = sourcecode.swift; path = ContentView.swift; sourceTree = "<group>"; };
		3FAAE3C92BDF361800540B68 /* Assets.xcassets */ = {isa = PBXFileReference; lastKnownFileType = folder.assetcatalog; path = Assets.xcassets; sourceTree = "<group>"; };
		3FAAE3CC2BDF361800540B68 /* Preview Assets.xcassets */ = {isa = PBXFileReference; lastKnownFileType = folder.assetcatalog; path = "Preview Assets.xcassets"; sourceTree = "<group>"; };
		3FAAE3CE2BDF361800540B68 /* Info.plist */ = {isa = PBXFileReference; lastKnownFileType = text.plist.xml; path = Info.plist; sourceTree = "<group>"; };
		3FAAE3D32BDF361800540B68 /* VisionDashBoardTests.xctest */ = {isa = PBXFileReference; explicitFileType = wrapper.cfbundle; includeInIndex = 0; path = VisionDashBoardTests.xctest; sourceTree = BUILT_PRODUCTS_DIR; };
		3FAAE3D72BDF361800540B68 /* VisionDashBoardTests.swift */ = {isa = PBXFileReference; lastKnownFileType = sourcecode.swift; path = VisionDashBoardTests.swift; sourceTree = "<group>"; };
		3FAAE3E12BDF366E00540B68 /* ProgressBarView.swift */ = {isa = PBXFileReference; lastKnownFileType = sourcecode.swift; path = ProgressBarView.swift; sourceTree = "<group>"; };
		3FAAE3E32BDF369E00540B68 /* ProgressCardView.swift */ = {isa = PBXFileReference; lastKnownFileType = sourcecode.swift; path = ProgressCardView.swift; sourceTree = "<group>"; };
		3FAAE3E52BDF36E000540B68 /* NotificationsWidgetView.swift */ = {isa = PBXFileReference; lastKnownFileType = sourcecode.swift; path = NotificationsWidgetView.swift; sourceTree = "<group>"; };
		3FAAE3EB2BDF466800540B68 /* LeftArea.swift */ = {isa = PBXFileReference; lastKnownFileType = sourcecode.swift; path = LeftArea.swift; sourceTree = "<group>"; };
		3FAAE3EF2BDFA1A600540B68 /* TabViewModel.swift */ = {isa = PBXFileReference; lastKnownFileType = sourcecode.swift; path = TabViewModel.swift; sourceTree = "<group>"; };
		3FAAE3F12BDFA41E00540B68 /* HomeView.swift */ = {isa = PBXFileReference; lastKnownFileType = sourcecode.swift; path = HomeView.swift; sourceTree = "<group>"; };
/* End PBXFileReference section */

/* Begin PBXFrameworksBuildPhase section */
		3FAAE3BB2BDF361700540B68 /* Frameworks */ = {
			isa = PBXFrameworksBuildPhase;
			buildActionMask = 2147483647;
			files = (
				3FAAE3C42BDF361700540B68 /* RealityKitContent in Frameworks */,
			);
			runOnlyForDeploymentPostprocessing = 0;
		};
		3FAAE3D02BDF361800540B68 /* Frameworks */ = {
			isa = PBXFrameworksBuildPhase;
			buildActionMask = 2147483647;
			files = (
			);
			runOnlyForDeploymentPostprocessing = 0;
		};
/* End PBXFrameworksBuildPhase section */

/* Begin PBXGroup section */
		3FAAE3B52BDF361600540B68 = {
			isa = PBXGroup;
			children = (
				3FAAE3C02BDF361700540B68 /* VisionDashBoard */,
				3FAAE3C12BDF361700540B68 /* Packages */,
				3FAAE3D62BDF361800540B68 /* VisionDashBoardTests */,
				3FAAE3BF2BDF361700540B68 /* Products */,
			);
			sourceTree = "<group>";
		};
		3FAAE3BF2BDF361700540B68 /* Products */ = {
			isa = PBXGroup;
			children = (
				3FAAE3BE2BDF361700540B68 /* VisionDashBoard.app */,
				3FAAE3D32BDF361800540B68 /* VisionDashBoardTests.xctest */,
			);
			name = Products;
			sourceTree = "<group>";
		};
		3FAAE3C02BDF361700540B68 /* VisionDashBoard */ = {
			isa = PBXGroup;
			children = (
				3FAAE3C52BDF361700540B68 /* VisionDashBoardApp.swift */,
				3FAAE3C72BDF361700540B68 /* ContentView.swift */,
				3FAAE3C92BDF361800540B68 /* Assets.xcassets */,
				3FAAE3CE2BDF361800540B68 /* Info.plist */,
				3FAAE3CB2BDF361800540B68 /* Preview Content */,
				3FAAE3E12BDF366E00540B68 /* ProgressBarView.swift */,
				3FAAE3E32BDF369E00540B68 /* ProgressCardView.swift */,
				3FAAE3E52BDF36E000540B68 /* NotificationsWidgetView.swift */,
				3FAAE3EB2BDF466800540B68 /* LeftArea.swift */,
				3FAAE3EF2BDFA1A600540B68 /* TabViewModel.swift */,
				3FAAE3F12BDFA41E00540B68 /* HomeView.swift */,
				3F7B33062BE867F400C22724 /* TaskView.swift */,
				3F7B33082BE889AD00C22724 /* RightArea.swift */,
				3F7B330C2BE8A21E00C22724 /* HomePageView.swift */,
			);
			path = VisionDashBoard;
			sourceTree = "<group>";
		};
		3FAAE3C12BDF361700540B68 /* Packages */ = {
			isa = PBXGroup;
			children = (
				3FAAE3C22BDF361700540B68 /* RealityKitContent */,
			);
			path = Packages;
			sourceTree = "<group>";
		};
		3FAAE3CB2BDF361800540B68 /* Preview Content */ = {
			isa = PBXGroup;
			children = (
				3FAAE3CC2BDF361800540B68 /* Preview Assets.xcassets */,
			);
			path = "Preview Content";
			sourceTree = "<group>";
		};
		3FAAE3D62BDF361800540B68 /* VisionDashBoardTests */ = {
			isa = PBXGroup;
			children = (
				3FAAE3D72BDF361800540B68 /* VisionDashBoardTests.swift */,
			);
			path = VisionDashBoardTests;
			sourceTree = "<group>";
		};
/* End PBXGroup section */

/* Begin PBXNativeTarget section */
		3FAAE3BD2BDF361700540B68 /* VisionDashBoard */ = {
			isa = PBXNativeTarget;
			buildConfigurationList = 3FAAE3DB2BDF361800540B68 /* Build configuration list for PBXNativeTarget "VisionDashBoard" */;
			buildPhases = (
				3FAAE3BA2BDF361700540B68 /* Sources */,
				3FAAE3BB2BDF361700540B68 /* Frameworks */,
				3FAAE3BC2BDF361700540B68 /* Resources */,
			);
			buildRules = (
			);
			dependencies = (
			);
			name = VisionDashBoard;
			packageProductDependencies = (
				3FAAE3C32BDF361700540B68 /* RealityKitContent */,
			);
			productName = VisionDashBoard;
			productReference = 3FAAE3BE2BDF361700540B68 /* VisionDashBoard.app */;
			productType = "com.apple.product-type.application";
		};
		3FAAE3D22BDF361800540B68 /* VisionDashBoardTests */ = {
			isa = PBXNativeTarget;
			buildConfigurationList = 3FAAE3DE2BDF361800540B68 /* Build configuration list for PBXNativeTarget "VisionDashBoardTests" */;
			buildPhases = (
				3FAAE3CF2BDF361800540B68 /* Sources */,
				3FAAE3D02BDF361800540B68 /* Frameworks */,
				3FAAE3D12BDF361800540B68 /* Resources */,
			);
			buildRules = (
			);
			dependencies = (
				3FAAE3D52BDF361800540B68 /* PBXTargetDependency */,
			);
			name = VisionDashBoardTests;
			productName = VisionDashBoardTests;
			productReference = 3FAAE3D32BDF361800540B68 /* VisionDashBoardTests.xctest */;
			productType = "com.apple.product-type.bundle.unit-test";
		};
/* End PBXNativeTarget section */

/* Begin PBXProject section */
		3FAAE3B62BDF361600540B68 /* Project object */ = {
			isa = PBXProject;
			attributes = {
				BuildIndependentTargetsInParallel = 1;
				LastSwiftUpdateCheck = 1530;
				LastUpgradeCheck = 1530;
				TargetAttributes = {
					3FAAE3BD2BDF361700540B68 = {
						CreatedOnToolsVersion = 15.3;
					};
					3FAAE3D22BDF361800540B68 = {
						CreatedOnToolsVersion = 15.3;
						TestTargetID = 3FAAE3BD2BDF361700540B68;
					};
				};
			};
			buildConfigurationList = 3FAAE3B92BDF361600540B68 /* Build configuration list for PBXProject "VisionDashBoard" */;
			compatibilityVersion = "Xcode 14.0";
			developmentRegion = en;
			hasScannedForEncodings = 0;
			knownRegions = (
				en,
				Base,
			);
			mainGroup = 3FAAE3B52BDF361600540B68;
			productRefGroup = 3FAAE3BF2BDF361700540B68 /* Products */;
			projectDirPath = "";
			projectRoot = "";
			targets = (
				3FAAE3BD2BDF361700540B68 /* VisionDashBoard */,
				3FAAE3D22BDF361800540B68 /* VisionDashBoardTests */,
			);
		};
/* End PBXProject section */

/* Begin PBXResourcesBuildPhase section */
		3FAAE3BC2BDF361700540B68 /* Resources */ = {
			isa = PBXResourcesBuildPhase;
			buildActionMask = 2147483647;
			files = (
				3FAAE3CD2BDF361800540B68 /* Preview Assets.xcassets in Resources */,
				3FAAE3CA2BDF361800540B68 /* Assets.xcassets in Resources */,
			);
			runOnlyForDeploymentPostprocessing = 0;
		};
		3FAAE3D12BDF361800540B68 /* Resources */ = {
			isa = PBXResourcesBuildPhase;
			buildActionMask = 2147483647;
			files = (
			);
			runOnlyForDeploymentPostprocessing = 0;
		};
/* End PBXResourcesBuildPhase section */

/* Begin PBXSourcesBuildPhase section */
		3FAAE3BA2BDF361700540B68 /* Sources */ = {
			isa = PBXSourcesBuildPhase;
			buildActionMask = 2147483647;
			files = (
				3FAAE3F22BDFA41E00540B68 /* HomeView.swift in Sources */,
				3FAAE3F02BDFA1A600540B68 /* TabViewModel.swift in Sources */,
				3FAAE3C82BDF361700540B68 /* ContentView.swift in Sources */,
				3F7B33072BE867F400C22724 /* TaskView.swift in Sources */,
				3FAAE3E22BDF366E00540B68 /* ProgressBarView.swift in Sources */,
				3F7B33092BE889AD00C22724 /* RightArea.swift in Sources */,
				3FAAE3C62BDF361700540B68 /* VisionDashBoardApp.swift in Sources */,
				3FAAE3EC2BDF466800540B68 /* LeftArea.swift in Sources */,
				3FAAE3E62BDF36E000540B68 /* NotificationsWidgetView.swift in Sources */,
				3F7B330D2BE8A21E00C22724 /* HomePageView.swift in Sources */,
				3FAAE3E42BDF369E00540B68 /* ProgressCardView.swift in Sources */,
			);
			runOnlyForDeploymentPostprocessing = 0;
		};
		3FAAE3CF2BDF361800540B68 /* Sources */ = {
			isa = PBXSourcesBuildPhase;
			buildActionMask = 2147483647;
			files = (
				3FAAE3D82BDF361800540B68 /* VisionDashBoardTests.swift in Sources */,
			);
			runOnlyForDeploymentPostprocessing = 0;
		};
/* End PBXSourcesBuildPhase section */

/* Begin PBXTargetDependency section */
		3FAAE3D52BDF361800540B68 /* PBXTargetDependency */ = {
			isa = PBXTargetDependency;
			target = 3FAAE3BD2BDF361700540B68 /* VisionDashBoard */;
			targetProxy = 3FAAE3D42BDF361800540B68 /* PBXContainerItemProxy */;
		};
/* End PBXTargetDependency section */

/* Begin XCBuildConfiguration section */
		3FAAE3D92BDF361800540B68 /* Debug */ = {
			isa = XCBuildConfiguration;
			buildSettings = {
				ALWAYS_SEARCH_USER_PATHS = NO;
				ASSETCATALOG_COMPILER_GENERATE_SWIFT_ASSET_SYMBOL_EXTENSIONS = YES;
				CLANG_ANALYZER_NONNULL = YES;
				CLANG_ANALYZER_NUMBER_OBJECT_CONVERSION = YES_AGGRESSIVE;
				CLANG_CXX_LANGUAGE_STANDARD = "gnu++20";
				CLANG_ENABLE_MODULES = YES;
				CLANG_ENABLE_OBJC_ARC = YES;
				CLANG_ENABLE_OBJC_WEAK = YES;
				CLANG_WARN_BLOCK_CAPTURE_AUTORELEASING = YES;
				CLANG_WARN_BOOL_CONVERSION = YES;
				CLANG_WARN_COMMA = YES;
				CLANG_WARN_CONSTANT_CONVERSION = YES;
				CLANG_WARN_DEPRECATED_OBJC_IMPLEMENTATIONS = YES;
				CLANG_WARN_DIRECT_OBJC_ISA_USAGE = YES_ERROR;
				CLANG_WARN_DOCUMENTATION_COMMENTS = YES;
				CLANG_WARN_EMPTY_BODY = YES;
				CLANG_WARN_ENUM_CONVERSION = YES;
				CLANG_WARN_INFINITE_RECURSION = YES;
				CLANG_WARN_INT_CONVERSION = YES;
				CLANG_WARN_NON_LITERAL_NULL_CONVERSION = YES;
				CLANG_WARN_OBJC_IMPLICIT_RETAIN_SELF = YES;
				CLANG_WARN_OBJC_LITERAL_CONVERSION = YES;
				CLANG_WARN_OBJC_ROOT_CLASS = YES_ERROR;
				CLANG_WARN_QUOTED_INCLUDE_IN_FRAMEWORK_HEADER = YES;
				CLANG_WARN_RANGE_LOOP_ANALYSIS = YES;
				CLANG_WARN_STRICT_PROTOTYPES = YES;
				CLANG_WARN_SUSPICIOUS_MOVE = YES;
				CLANG_WARN_UNGUARDED_AVAILABILITY = YES_AGGRESSIVE;
				CLANG_WARN_UNREACHABLE_CODE = YES;
				CLANG_WARN__DUPLICATE_METHOD_MATCH = YES;
				COPY_PHASE_STRIP = NO;
				DEBUG_INFORMATION_FORMAT = dwarf;
				ENABLE_STRICT_OBJC_MSGSEND = YES;
				ENABLE_TESTABILITY = YES;
				ENABLE_USER_SCRIPT_SANDBOXING = YES;
				GCC_C_LANGUAGE_STANDARD = gnu17;
				GCC_DYNAMIC_NO_PIC = NO;
				GCC_NO_COMMON_BLOCKS = YES;
				GCC_OPTIMIZATION_LEVEL = 0;
				GCC_PREPROCESSOR_DEFINITIONS = (
					"DEBUG=1",
					"$(inherited)",
				);
				GCC_WARN_64_TO_32_BIT_CONVERSION = YES;
				GCC_WARN_ABOUT_RETURN_TYPE = YES_ERROR;
				GCC_WARN_UNDECLARED_SELECTOR = YES;
				GCC_WARN_UNINITIALIZED_AUTOS = YES_AGGRESSIVE;
				GCC_WARN_UNUSED_FUNCTION = YES;
				GCC_WARN_UNUSED_VARIABLE = YES;
				LOCALIZATION_PREFERS_STRING_CATALOGS = YES;
				MTL_ENABLE_DEBUG_INFO = INCLUDE_SOURCE;
				MTL_FAST_MATH = YES;
				ONLY_ACTIVE_ARCH = YES;
				SDKROOT = xros;
				SWIFT_ACTIVE_COMPILATION_CONDITIONS = "DEBUG $(inherited)";
				SWIFT_OPTIMIZATION_LEVEL = "-Onone";
				XROS_DEPLOYMENT_TARGET = 1.1;
			};
			name = Debug;
		};
		3FAAE3DA2BDF361800540B68 /* Release */ = {
			isa = XCBuildConfiguration;
			buildSettings = {
				ALWAYS_SEARCH_USER_PATHS = NO;
				ASSETCATALOG_COMPILER_GENERATE_SWIFT_ASSET_SYMBOL_EXTENSIONS = YES;
				CLANG_ANALYZER_NONNULL = YES;
				CLANG_ANALYZER_NUMBER_OBJECT_CONVERSION = YES_AGGRESSIVE;
				CLANG_CXX_LANGUAGE_STANDARD = "gnu++20";
				CLANG_ENABLE_MODULES = YES;
				CLANG_ENABLE_OBJC_ARC = YES;
				CLANG_ENABLE_OBJC_WEAK = YES;
				CLANG_WARN_BLOCK_CAPTURE_AUTORELEASING = YES;
				CLANG_WARN_BOOL_CONVERSION = YES;
				CLANG_WARN_COMMA = YES;
				CLANG_WARN_CONSTANT_CONVERSION = YES;
				CLANG_WARN_DEPRECATED_OBJC_IMPLEMENTATIONS = YES;
				CLANG_WARN_DIRECT_OBJC_ISA_USAGE = YES_ERROR;
				CLANG_WARN_DOCUMENTATION_COMMENTS = YES;
				CLANG_WARN_EMPTY_BODY = YES;
				CLANG_WARN_ENUM_CONVERSION = YES;
				CLANG_WARN_INFINITE_RECURSION = YES;
				CLANG_WARN_INT_CONVERSION = YES;
				CLANG_WARN_NON_LITERAL_NULL_CONVERSION = YES;
				CLANG_WARN_OBJC_IMPLICIT_RETAIN_SELF = YES;
				CLANG_WARN_OBJC_LITERAL_CONVERSION = YES;
				CLANG_WARN_OBJC_ROOT_CLASS = YES_ERROR;
				CLANG_WARN_QUOTED_INCLUDE_IN_FRAMEWORK_HEADER = YES;
				CLANG_WARN_RANGE_LOOP_ANALYSIS = YES;
				CLANG_WARN_STRICT_PROTOTYPES = YES;
				CLANG_WARN_SUSPICIOUS_MOVE = YES;
				CLANG_WARN_UNGUARDED_AVAILABILITY = YES_AGGRESSIVE;
				CLANG_WARN_UNREACHABLE_CODE = YES;
				CLANG_WARN__DUPLICATE_METHOD_MATCH = YES;
				COPY_PHASE_STRIP = NO;
				DEBUG_INFORMATION_FORMAT = "dwarf-with-dsym";
				ENABLE_NS_ASSERTIONS = NO;
				ENABLE_STRICT_OBJC_MSGSEND = YES;
				ENABLE_USER_SCRIPT_SANDBOXING = YES;
				GCC_C_LANGUAGE_STANDARD = gnu17;
				GCC_NO_COMMON_BLOCKS = YES;
				GCC_WARN_64_TO_32_BIT_CONVERSION = YES;
				GCC_WARN_ABOUT_RETURN_TYPE = YES_ERROR;
				GCC_WARN_UNDECLARED_SELECTOR = YES;
				GCC_WARN_UNINITIALIZED_AUTOS = YES_AGGRESSIVE;
				GCC_WARN_UNUSED_FUNCTION = YES;
				GCC_WARN_UNUSED_VARIABLE = YES;
				LOCALIZATION_PREFERS_STRING_CATALOGS = YES;
				MTL_ENABLE_DEBUG_INFO = NO;
				MTL_FAST_MATH = YES;
				SDKROOT = xros;
				SWIFT_COMPILATION_MODE = wholemodule;
				VALIDATE_PRODUCT = YES;
				XROS_DEPLOYMENT_TARGET = 1.1;
			};
			name = Release;
		};
		3FAAE3DC2BDF361800540B68 /* Debug */ = {
			isa = XCBuildConfiguration;
			buildSettings = {
				ASSETCATALOG_COMPILER_APPICON_NAME = AppIcon;
				ASSETCATALOG_COMPILER_GLOBAL_ACCENT_COLOR_NAME = AccentColor;
				CODE_SIGN_STYLE = Automatic;
				CURRENT_PROJECT_VERSION = 1;
				DEVELOPMENT_ASSET_PATHS = "\"VisionDashBoard/Preview Content\"";
				DEVELOPMENT_TEAM = 7L24F84YU5;
				ENABLE_PREVIEWS = YES;
				GENERATE_INFOPLIST_FILE = YES;
				INFOPLIST_FILE = "$(TARGET_NAME)/Info.plist";
				INFOPLIST_KEY_CFBundleDisplayName = "智能管理看板";
				LD_RUNPATH_SEARCH_PATHS = (
					"$(inherited)",
					"@executable_path/Frameworks",
				);
				MARKETING_VERSION = 1.0;
				PRODUCT_BUNDLE_IDENTIFIER = ios.zhengjie.VisionDashBoard;
				PRODUCT_NAME = "$(TARGET_NAME)";
				SUPPORTED_PLATFORMS = "xros xrsimulator";
				SWIFT_EMIT_LOC_STRINGS = YES;
				SWIFT_VERSION = 5.0;
				TARGETED_DEVICE_FAMILY = "1,2,7";
			};
			name = Debug;
		};
		3FAAE3DD2BDF361800540B68 /* Release */ = {
			isa = XCBuildConfiguration;
			buildSettings = {
				ASSETCATALOG_COMPILER_APPICON_NAME = AppIcon;
				ASSETCATALOG_COMPILER_GLOBAL_ACCENT_COLOR_NAME = AccentColor;
				CODE_SIGN_STYLE = Automatic;
				CURRENT_PROJECT_VERSION = 1;
				DEVELOPMENT_ASSET_PATHS = "\"VisionDashBoard/Preview Content\"";
				DEVELOPMENT_TEAM = 7L24F84YU5;
				ENABLE_PREVIEWS = YES;
				GENERATE_INFOPLIST_FILE = YES;
				INFOPLIST_FILE = "$(TARGET_NAME)/Info.plist";
				INFOPLIST_KEY_CFBundleDisplayName = "智能管理看板";
				LD_RUNPATH_SEARCH_PATHS = (
					"$(inherited)",
					"@executable_path/Frameworks",
				);
				MARKETING_VERSION = 1.0;
				PRODUCT_BUNDLE_IDENTIFIER = ios.zhengjie.VisionDashBoard;
				PRODUCT_NAME = "$(TARGET_NAME)";
				SUPPORTED_PLATFORMS = "xros xrsimulator";
				SWIFT_EMIT_LOC_STRINGS = YES;
				SWIFT_VERSION = 5.0;
				TARGETED_DEVICE_FAMILY = "1,2,7";
			};
			name = Release;
		};
		3FAAE3DF2BDF361800540B68 /* Debug */ = {
			isa = XCBuildConfiguration;
			buildSettings = {
				ALWAYS_EMBED_SWIFT_STANDARD_LIBRARIES = YES;
				BUNDLE_LOADER = "$(TEST_HOST)";
				CODE_SIGN_STYLE = Automatic;
				CURRENT_PROJECT_VERSION = 1;
				DEVELOPMENT_TEAM = 7L24F84YU5;
				GENERATE_INFOPLIST_FILE = YES;
				MARKETING_VERSION = 1.0;
				PRODUCT_BUNDLE_IDENTIFIER = ios.zhengjie.VisionDashBoardTests;
				PRODUCT_NAME = "$(TARGET_NAME)";
				SUPPORTED_PLATFORMS = "xros xrsimulator";
				SWIFT_EMIT_LOC_STRINGS = NO;
				SWIFT_VERSION = 5.0;
				TARGETED_DEVICE_FAMILY = "1,2,7";
				TEST_HOST = "$(BUILT_PRODUCTS_DIR)/VisionDashBoard.app/$(BUNDLE_EXECUTABLE_FOLDER_PATH)/VisionDashBoard";
				XROS_DEPLOYMENT_TARGET = 1.1;
			};
			name = Debug;
		};
		3FAAE3E02BDF361800540B68 /* Release */ = {
			isa = XCBuildConfiguration;
			buildSettings = {
				ALWAYS_EMBED_SWIFT_STANDARD_LIBRARIES = YES;
				BUNDLE_LOADER = "$(TEST_HOST)";
				CODE_SIGN_STYLE = Automatic;
				CURRENT_PROJECT_VERSION = 1;
				DEVELOPMENT_TEAM = 7L24F84YU5;
				GENERATE_INFOPLIST_FILE = YES;
				MARKETING_VERSION = 1.0;
				PRODUCT_BUNDLE_IDENTIFIER = ios.zhengjie.VisionDashBoardTests;
				PRODUCT_NAME = "$(TARGET_NAME)";
				SUPPORTED_PLATFORMS = "xros xrsimulator";
				SWIFT_EMIT_LOC_STRINGS = NO;
				SWIFT_VERSION = 5.0;
				TARGETED_DEVICE_FAMILY = "1,2,7";
				TEST_HOST = "$(BUILT_PRODUCTS_DIR)/VisionDashBoard.app/$(BUNDLE_EXECUTABLE_FOLDER_PATH)/VisionDashBoard";
				XROS_DEPLOYMENT_TARGET = 1.1;
			};
			name = Release;
		};
/* End XCBuildConfiguration section */

/* Begin XCConfigurationList section */
		3FAAE3B92BDF361600540B68 /* Build configuration list for PBXProject "VisionDashBoard" */ = {
			isa = XCConfigurationList;
			buildConfigurations = (
				3FAAE3D92BDF361800540B68 /* Debug */,
				3FAAE3DA2BDF361800540B68 /* Release */,
			);
			defaultConfigurationIsVisible = 0;
			defaultConfigurationName = Release;
		};
		3FAAE3DB2BDF361800540B68 /* Build configuration list for PBXNativeTarget "VisionDashBoard" */ = {
			isa = XCConfigurationList;
			buildConfigurations = (
				3FAAE3DC2BDF361800540B68 /* Debug */,
				3FAAE3DD2BDF361800540B68 /* Release */,
			);
			defaultConfigurationIsVisible = 0;
			defaultConfigurationName = Release;
		};
		3FAAE3DE2BDF361800540B68 /* Build configuration list for PBXNativeTarget "VisionDashBoardTests" */ = {
			isa = XCConfigurationList;
			buildConfigurations = (
				3FAAE3DF2BDF361800540B68 /* Debug */,
				3FAAE3E02BDF361800540B68 /* Release */,
			);
			defaultConfigurationIsVisible = 0;
			defaultConfigurationName = Release;
		};
/* End XCConfigurationList section */

/* Begin XCSwiftPackageProductDependency section */
		3FAAE3C32BDF361700540B68 /* RealityKitContent */ = {
			isa = XCSwiftPackageProductDependency;
			productName = RealityKitContent;
		};
/* End XCSwiftPackageProductDependency section */
	};
	rootObject = 3FAAE3B62BDF361600540B68 /* Project object */;
}
